
Microsoft Visual Studio Solution File, Format Version 12.00
# Visual Studio 2017
Project("{FAE04EC0-301F-11D3-BF4B-00C04F79EFBC}") = "LevelDesign", "LevelDesign.csproj", "{E6F80E00-93B9-3FF7-82C7-D5CCB98DE1C0}"
EndProject
Project("{FAE04EC0-301F-11D3-BF4B-00C04F79EFBC}") = "LevelDesign.Editor", "LevelDesign.Editor.csproj", "{63548A7D-B537-1EBB-A2E7-B89277AD1AA5}"
EndProject
Project("{FAE04EC0-301F-11D3-BF4B-00C04F79EFBC}") = "LevelDesign.Editor", "LevelDesign.Editor.csproj", "{63548A7D-B537-1EBB-A2E7-B89277AD1AA5}"
EndProject
Project("{FAE04EC0-301F-11D3-BF4B-00C04F79EFBC}") = "LevelDesign.Editor", "LevelDesign.Editor.csproj", "{63548A7D-B537-1EBB-A2E7-B89277AD1AA5}"
EndProject
Global
	GlobalSection(SolutionConfigurationPlatforms) = preSolution
		Debug|Any CPU = Debug|Any CPU
		Release|Any CPU = Release|Any CPU
	EndGlobalSection
	GlobalSection(ProjectConfigurationPlatforms) = postSolution
		{E6F80E00-93B9-3FF7-82C7-D5CCB98DE1C0}.Debug|Any CPU.ActiveCfg = Debug|Any CPU
		{E6F80E00-93B9-3FF7-82C7-D5CCB98DE1C0}.Debug|Any CPU.Build.0 = Debug|Any CPU
		{E6F80E00-93B9-3FF7-82C7-D5CCB98DE1C0}.Release|Any CPU.ActiveCfg = Release|Any CPU
		{E6F80E00-93B9-3FF7-82C7-D5CCB98DE1C0}.Release|Any CPU.Build.0 = Release|Any CPU
		{63548A7D-B537-1EBB-A2E7-B89277AD1AA5}.Debug|Any CPU.ActiveCfg = Debug|Any CPU
		{63548A7D-B537-1EBB-A2E7-B89277AD1AA5}.Debug|Any CPU.Build.0 = Debug|Any CPU
		{63548A7D-B537-1EBB-A2E7-B89277AD1AA5}.Release|Any CPU.ActiveCfg = Release|Any CPU
		{63548A7D-B537-1EBB-A2E7-B89277AD1AA5}.Release|Any CPU.Build.0 = Release|Any CPU
		{63548A7D-B537-1EBB-A2E7-B89277AD1AA5}.Debug|Any CPU.ActiveCfg = Debug|Any CPU
		{63548A7D-B537-1EBB-A2E7-B89277AD1AA5}.Debug|Any CPU.Build.0 = Debug|Any CPU
		{63548A7D-B537-1EBB-A2E7-B89277AD1AA5}.Release|Any CPU.ActiveCfg = Release|Any CPU
		{63548A7D-B537-1EBB-A2E7-B89277AD1AA5}.Release|Any CPU.Build.0 = Release|Any CPU
		{63548A7D-B537-1EBB-A2E7-B89277AD1AA5}.Debug|Any CPU.ActiveCfg = Debug|Any CPU
		{63548A7D-B537-1EBB-A2E7-B89277AD1AA5}.Debug|Any CPU.Build.0 = Debug|Any CPU
		{63548A7D-B537-1EBB-A2E7-B89277AD1AA5}.Release|Any CPU.ActiveCfg = Release|Any CPU
		{63548A7D-B537-1EBB-A2E7-B89277AD1AA5}.Release|Any CPU.Build.0 = Release|Any CPU
	EndGlobalSection
	GlobalSection(SolutionProperties) = preSolution
		HideSolutionNode = FALSE
	EndGlobalSection
EndGlobal
